
Microsoft Visual Studio Solution File, Format Version 12.00
# Visual Studio Version 16
VisualStudioVersion = 16.0.30717.126
MinimumVisualStudioVersion = 10.0.40219.1
Project("{FAE04EC0-301F-11D3-BF4B-00C04F79EFBC}") = "TreeStructure", "TreeStructure\TreeStructure.csproj", "{E08EC089-3B99-4020-B452-F0E0EC3A5B7A}"
EndProject
Global
	GlobalSection(SolutionConfigurationPlatforms) = preSolution
		Debug|Any CPU = Debug|Any CPU
		Release|Any CPU = Release|Any CPU
	EndGlobalSection
	GlobalSection(ProjectConfigurationPlatforms) = postSolution
		{E08EC089-3B99-4020-B452-F0E0EC3A5B7A}.Debug|Any CPU.ActiveCfg = Debug|Any CPU
		{E08EC089-3B99-4020-B452-F0E0EC3A5B7A}.Debug|Any CPU.Build.0 = Debug|Any CPU
		{E08EC089-3B99-4020-B452-F0E0EC3A5B7A}.Release|Any CPU.ActiveCfg = Release|Any CPU
		{E08EC089-3B99-4020-B452-F0E0EC3A5B7A}.Release|Any CPU.Build.0 = Release|Any CPU
	EndGlobalSection
	GlobalSection(SolutionProperties) = preSolution
		HideSolutionNode = FALSE
	EndGlobalSection
	GlobalSection(ExtensibilityGlobals) = postSolution
		SolutionGuid = {17C63F04-42A3-4DF0-AC30-9BADF3D40617}
	EndGlobalSection
EndGlobal
